// !$*UTF8*$!
{
	archiveVersion = 1;
	classes = {
	};
	objectVersion = 50;
	objects = {

/* Begin PBXBuildFile section */
		93EB256D2395B8B2007BF17C /* AppDelegate.swift in Sources */ = {isa = PBXBuildFile; fileRef = 93EB256C2395B8B2007BF17C /* AppDelegate.swift */; };
		93EB256F2395B8B2007BF17C /* SceneDelegate.swift in Sources */ = {isa = PBXBuildFile; fileRef = 93EB256E2395B8B2007BF17C /* SceneDelegate.swift */; };
		93EB25712395B8B2007BF17C /* ContentView.swift in Sources */ = {isa = PBXBuildFile; fileRef = 93EB25702395B8B2007BF17C /* ContentView.swift */; };
		93EB25732395B8B4007BF17C /* Assets.xcassets in Resources */ = {isa = PBXBuildFile; fileRef = 93EB25722395B8B4007BF17C /* Assets.xcassets */; };
		93EB25762395B8B4007BF17C /* Preview Assets.xcassets in Resources */ = {isa = PBXBuildFile; fileRef = 93EB25752395B8B4007BF17C /* Preview Assets.xcassets */; };
		93EB25792395B8B4007BF17C /* LaunchScreen.storyboard in Resources */ = {isa = PBXBuildFile; fileRef = 93EB25772395B8B4007BF17C /* LaunchScreen.storyboard */; };
		93EB25842395B8B4007BF17C /* deliveryAppTests.swift in Sources */ = {isa = PBXBuildFile; fileRef = 93EB25832395B8B4007BF17C /* deliveryAppTests.swift */; };
		93EB258F2395B8B4007BF17C /* deliveryAppUITests.swift in Sources */ = {isa = PBXBuildFile; fileRef = 93EB258E2395B8B4007BF17C /* deliveryAppUITests.swift */; };
/* End PBXBuildFile section */

/* Begin PBXContainerItemProxy section */
		93EB25802395B8B4007BF17C /* PBXContainerItemProxy */ = {
			isa = PBXContainerItemProxy;
			containerPortal = 93EB25612395B8B2007BF17C /* Project object */;
			proxyType = 1;
			remoteGlobalIDString = 93EB25682395B8B2007BF17C;
			remoteInfo = deliveryApp;
		};
		93EB258B2395B8B4007BF17C /* PBXContainerItemProxy */ = {
			isa = PBXContainerItemProxy;
			containerPortal = 93EB25612395B8B2007BF17C /* Project object */;
			proxyType = 1;
			remoteGlobalIDString = 93EB25682395B8B2007BF17C;
			remoteInfo = deliveryApp;
		};
/* End PBXContainerItemProxy section */

/* Begin PBXFileReference section */
		93EB25692395B8B2007BF17C /* deliveryApp.app */ = {isa = PBXFileReference; explicitFileType = wrapper.application; includeInIndex = 0; path = deliveryApp.app; sourceTree = BUILT_PRODUCTS_DIR; };
		93EB256C2395B8B2007BF17C /* AppDelegate.swift */ = {isa = PBXFileReference; lastKnownFileType = sourcecode.swift; path = AppDelegate.swift; sourceTree = "<group>"; };
		93EB256E2395B8B2007BF17C /* SceneDelegate.swift */ = {isa = PBXFileReference; lastKnownFileType = sourcecode.swift; path = SceneDelegate.swift; sourceTree = "<group>"; };
		93EB25702395B8B2007BF17C /* ContentView.swift */ = {isa = PBXFileReference; lastKnownFileType = sourcecode.swift; path = ContentView.swift; sourceTree = "<group>"; };
		93EB25722395B8B4007BF17C /* Assets.xcassets */ = {isa = PBXFileReference; lastKnownFileType = folder.assetcatalog; path = Assets.xcassets; sourceTree = "<group>"; };
		93EB25752395B8B4007BF17C /* Preview Assets.xcassets */ = {isa = PBXFileReference; lastKnownFileType = folder.assetcatalog; path = "Preview Assets.xcassets"; sourceTree = "<group>"; };
		93EB25782395B8B4007BF17C /* Base */ = {isa = PBXFileReference; lastKnownFileType = file.storyboard; name = Base; path = Base.lproj/LaunchScreen.storyboard; sourceTree = "<group>"; };
		93EB257A2395B8B4007BF17C /* Info.plist */ = {isa = PBXFileReference; lastKnownFileType = text.plist.xml; path = Info.plist; sourceTree = "<group>"; };
		93EB257F2395B8B4007BF17C /* deliveryAppTests.xctest */ = {isa = PBXFileReference; explicitFileType = wrapper.cfbundle; includeInIndex = 0; path = deliveryAppTests.xctest; sourceTree = BUILT_PRODUCTS_DIR; };
		93EB25832395B8B4007BF17C /* deliveryAppTests.swift */ = {isa = PBXFileReference; lastKnownFileType = sourcecode.swift; path = deliveryAppTests.swift; sourceTree = "<group>"; };
		93EB25852395B8B4007BF17C /* Info.plist */ = {isa = PBXFileReference; lastKnownFileType = text.plist.xml; path = Info.plist; sourceTree = "<group>"; };
		93EB258A2395B8B4007BF17C /* deliveryAppUITests.xctest */ = {isa = PBXFileReference; explicitFileType = wrapper.cfbundle; includeInIndex = 0; path = deliveryAppUITests.xctest; sourceTree = BUILT_PRODUCTS_DIR; };
		93EB258E2395B8B4007BF17C /* deliveryAppUITests.swift */ = {isa = PBXFileReference; lastKnownFileType = sourcecode.swift; path = deliveryAppUITests.swift; sourceTree = "<group>"; };
		93EB25902395B8B4007BF17C /* Info.plist */ = {isa = PBXFileReference; lastKnownFileType = text.plist.xml; path = Info.plist; sourceTree = "<group>"; };
/* End PBXFileReference section */

/* Begin PBXFrameworksBuildPhase section */
		93EB25662395B8B2007BF17C /* Frameworks */ = {
			isa = PBXFrameworksBuildPhase;
			buildActionMask = 2147483647;
			files = (
			);
			runOnlyForDeploymentPostprocessing = 0;
		};
		93EB257C2395B8B4007BF17C /* Frameworks */ = {
			isa = PBXFrameworksBuildPhase;
			buildActionMask = 2147483647;
			files = (
			);
			runOnlyForDeploymentPostprocessing = 0;
		};
		93EB25872395B8B4007BF17C /* Frameworks */ = {
			isa = PBXFrameworksBuildPhase;
			buildActionMask = 2147483647;
			files = (
			);
			runOnlyForDeploymentPostprocessing = 0;
		};
/* End PBXFrameworksBuildPhase section */

/* Begin PBXGroup section */
		93EB25602395B8B2007BF17C = {
			isa = PBXGroup;
			children = (
				93EB256B2395B8B2007BF17C /* deliveryApp */,
				93EB25822395B8B4007BF17C /* deliveryAppTests */,
				93EB258D2395B8B4007BF17C /* deliveryAppUITests */,
				93EB256A2395B8B2007BF17C /* Products */,
			);
			sourceTree = "<group>";
		};
		93EB256A2395B8B2007BF17C /* Products */ = {
			isa = PBXGroup;
			children = (
				93EB25692395B8B2007BF17C /* deliveryApp.app */,
				93EB257F2395B8B4007BF17C /* deliveryAppTests.xctest */,
				93EB258A2395B8B4007BF17C /* deliveryAppUITests.xctest */,
			);
			name = Products;
			sourceTree = "<group>";
		};
		93EB256B2395B8B2007BF17C /* deliveryApp */ = {
			isa = PBXGroup;
			children = (
				93EB256C2395B8B2007BF17C /* AppDelegate.swift */,
				93EB256E2395B8B2007BF17C /* SceneDelegate.swift */,
				93EB25702395B8B2007BF17C /* ContentView.swift */,
				93EB25722395B8B4007BF17C /* Assets.xcassets */,
				93EB25772395B8B4007BF17C /* LaunchScreen.storyboard */,
				93EB257A2395B8B4007BF17C /* Info.plist */,
				93EB25742395B8B4007BF17C /* Preview Content */,
			);
			path = deliveryApp;
			sourceTree = "<group>";
		};
		93EB25742395B8B4007BF17C /* Preview Content */ = {
			isa = PBXGroup;
			children = (
				93EB25752395B8B4007BF17C /* Preview Assets.xcassets */,
			);
			path = "Preview Content";
			sourceTree = "<group>";
		};
		93EB25822395B8B4007BF17C /* deliveryAppTests */ = {
			isa = PBXGroup;
			children = (
				93EB25832395B8B4007BF17C /* deliveryAppTests.swift */,
				93EB25852395B8B4007BF17C /* Info.plist */,
			);
			path = deliveryAppTests;
			sourceTree = "<group>";
		};
		93EB258D2395B8B4007BF17C /* deliveryAppUITests */ = {
			isa = PBXGroup;
			children = (
				93EB258E2395B8B4007BF17C /* deliveryAppUITests.swift */,
				93EB25902395B8B4007BF17C /* Info.plist */,
			);
			path = deliveryAppUITests;
			sourceTree = "<group>";
		};
/* End PBXGroup section */

/* Begin PBXNativeTarget section */
		93EB25682395B8B2007BF17C /* deliveryApp */ = {
			isa = PBXNativeTarget;
			buildConfigurationList = 93EB25932395B8B4007BF17C /* Build configuration list for PBXNativeTarget "deliveryApp" */;
			buildPhases = (
				93EB25652395B8B2007BF17C /* Sources */,
				93EB25662395B8B2007BF17C /* Frameworks */,
				93EB25672395B8B2007BF17C /* Resources */,
			);
			buildRules = (
			);
			dependencies = (
			);
			name = deliveryApp;
			productName = deliveryApp;
			productReference = 93EB25692395B8B2007BF17C /* deliveryApp.app */;
			productType = "com.apple.product-type.application";
		};
		93EB257E2395B8B4007BF17C /* deliveryAppTests */ = {
			isa = PBXNativeTarget;
			buildConfigurationList = 93EB25962395B8B4007BF17C /* Build configuration list for PBXNativeTarget "deliveryAppTests" */;
			buildPhases = (
				93EB257B2395B8B4007BF17C /* Sources */,
				93EB257C2395B8B4007BF17C /* Frameworks */,
				93EB257D2395B8B4007BF17C /* Resources */,
			);
			buildRules = (
			);
			dependencies = (
				93EB25812395B8B4007BF17C /* PBXTargetDependency */,
			);
			name = deliveryAppTests;
			productName = deliveryAppTests;
			productReference = 93EB257F2395B8B4007BF17C /* deliveryAppTests.xctest */;
			productType = "com.apple.product-type.bundle.unit-test";
		};
		93EB25892395B8B4007BF17C /* deliveryAppUITests */ = {
			isa = PBXNativeTarget;
			buildConfigurationList = 93EB25992395B8B4007BF17C /* Build configuration list for PBXNativeTarget "deliveryAppUITests" */;
			buildPhases = (
				93EB25862395B8B4007BF17C /* Sources */,
				93EB25872395B8B4007BF17C /* Frameworks */,
				93EB25882395B8B4007BF17C /* Resources */,
			);
			buildRules = (
			);
			dependencies = (
				93EB258C2395B8B4007BF17C /* PBXTargetDependency */,
			);
			name = deliveryAppUITests;
			productName = deliveryAppUITests;
			productReference = 93EB258A2395B8B4007BF17C /* deliveryAppUITests.xctest */;
			productType = "com.apple.product-type.bundle.ui-testing";
		};
/* End PBXNativeTarget section */

/* Begin PBXProject section */
		93EB25612395B8B2007BF17C /* Project object */ = {
			isa = PBXProject;
			attributes = {
				LastSwiftUpdateCheck = 1120;
				LastUpgradeCheck = 1120;
				ORGANIZATIONNAME = "Nowal E Salam";
				TargetAttributes = {
					93EB25682395B8B2007BF17C = {
						CreatedOnToolsVersion = 11.2.1;
					};
					93EB257E2395B8B4007BF17C = {
						CreatedOnToolsVersion = 11.2.1;
						TestTargetID = 93EB25682395B8B2007BF17C;
					};
					93EB25892395B8B4007BF17C = {
						CreatedOnToolsVersion = 11.2.1;
						TestTargetID = 93EB25682395B8B2007BF17C;
					};
				};
			};
			buildConfigurationList = 93EB25642395B8B2007BF17C /* Build configuration list for PBXProject "deliveryApp" */;
			compatibilityVersion = "Xcode 9.3";
			developmentRegion = en;
			hasScannedForEncodings = 0;
			knownRegions = (
				en,
				Base,
			);
			mainGroup = 93EB25602395B8B2007BF17C;
			productRefGroup = 93EB256A2395B8B2007BF17C /* Products */;
			projectDirPath = "";
			projectRoot = "";
			targets = (
				93EB25682395B8B2007BF17C /* deliveryApp */,
				93EB257E2395B8B4007BF17C /* deliveryAppTests */,
				93EB25892395B8B4007BF17C /* deliveryAppUITests */,
			);
		};
/* End PBXProject section */

/* Begin PBXResourcesBuildPhase section */
		93EB25672395B8B2007BF17C /* Resources */ = {
			isa = PBXResourcesBuildPhase;
			buildActionMask = 2147483647;
			files = (
				93EB25792395B8B4007BF17C /* LaunchScreen.storyboard in Resources */,
				93EB25762395B8B4007BF17C /* Preview Assets.xcassets in Resources */,
				93EB25732395B8B4007BF17C /* Assets.xcassets in Resources */,
			);
			runOnlyForDeploymentPostprocessing = 0;
		};
		93EB257D2395B8B4007BF17C /* Resources */ = {
			isa = PBXResourcesBuildPhase;
			buildActionMask = 2147483647;
			files = (
			);
			runOnlyForDeploymentPostprocessing = 0;
		};
		93EB25882395B8B4007BF17C /* Resources */ = {
			isa = PBXResourcesBuildPhase;
			buildActionMask = 2147483647;
			files = (
			);
			runOnlyForDeploymentPostprocessing = 0;
		};
/* End PBXResourcesBuildPhase section */

/* Begin PBXSourcesBuildPhase section */
		93EB25652395B8B2007BF17C /* Sources */ = {
			isa = PBXSourcesBuildPhase;
			buildActionMask = 2147483647;
			files = (
				93EB256D2395B8B2007BF17C /* AppDelegate.swift in Sources */,
				93EB256F2395B8B2007BF17C /* SceneDelegate.swift in Sources */,
				93EB25712395B8B2007BF17C /* ContentView.swift in Sources */,
			);
			runOnlyForDeploymentPostprocessing = 0;
		};
		93EB257B2395B8B4007BF17C /* Sources */ = {
			isa = PBXSourcesBuildPhase;
			buildActionMask = 2147483647;
			files = (
				93EB25842395B8B4007BF17C /* deliveryAppTests.swift in Sources */,
			);
			runOnlyForDeploymentPostprocessing = 0;
		};
		93EB25862395B8B4007BF17C /* Sources */ = {
			isa = PBXSourcesBuildPhase;
			buildActionMask = 2147483647;
			files = (
				93EB258F2395B8B4007BF17C /* deliveryAppUITests.swift in Sources */,
			);
			runOnlyForDeploymentPostprocessing = 0;
		};
/* End PBXSourcesBuildPhase section */

/* Begin PBXTargetDependency section */
		93EB25812395B8B4007BF17C /* PBXTargetDependency */ = {
			isa = PBXTargetDependency;
			target = 93EB25682395B8B2007BF17C /* deliveryApp */;
			targetProxy = 93EB25802395B8B4007BF17C /* PBXContainerItemProxy */;
		};
		93EB258C2395B8B4007BF17C /* PBXTargetDependency */ = {
			isa = PBXTargetDependency;
			target = 93EB25682395B8B2007BF17C /* deliveryApp */;
			targetProxy = 93EB258B2395B8B4007BF17C /* PBXContainerItemProxy */;
		};
/* End PBXTargetDependency section */

/* Begin PBXVariantGroup section */
		93EB25772395B8B4007BF17C /* LaunchScreen.storyboard */ = {
			isa = PBXVariantGroup;
			children = (
				93EB25782395B8B4007BF17C /* Base */,
			);
			name = LaunchScreen.storyboard;
			sourceTree = "<group>";
		};
/* End PBXVariantGroup section */

/* Begin XCBuildConfiguration section */
		93EB25912395B8B4007BF17C /* Debug */ = {
			isa = XCBuildConfiguration;
			buildSettings = {
				ALWAYS_SEARCH_USER_PATHS = NO;
				CLANG_ANALYZER_NONNULL = YES;
				CLANG_ANALYZER_NUMBER_OBJECT_CONVERSION = YES_AGGRESSIVE;
				CLANG_CXX_LANGUAGE_STANDARD = "gnu++14";
				CLANG_CXX_LIBRARY = "libc++";
				CLANG_ENABLE_MODULES = YES;
				CLANG_ENABLE_OBJC_ARC = YES;
				CLANG_ENABLE_OBJC_WEAK = YES;
				CLANG_WARN_BLOCK_CAPTURE_AUTORELEASING = YES;
				CLANG_WARN_BOOL_CONVERSION = YES;
				CLANG_WARN_COMMA = YES;
				CLANG_WARN_CONSTANT_CONVERSION = YES;
				CLANG_WARN_DEPRECATED_OBJC_IMPLEMENTATIONS = YES;
				CLANG_WARN_DIRECT_OBJC_ISA_USAGE = YES_ERROR;
				CLANG_WARN_DOCUMENTATION_COMMENTS = YES;
				CLANG_WARN_EMPTY_BODY = YES;
				CLANG_WARN_ENUM_CONVERSION = YES;
				CLANG_WARN_INFINITE_RECURSION = YES;
				CLANG_WARN_INT_CONVERSION = YES;
				CLANG_WARN_NON_LITERAL_NULL_CONVERSION = YES;
				CLANG_WARN_OBJC_IMPLICIT_RETAIN_SELF = YES;
				CLANG_WARN_OBJC_LITERAL_CONVERSION = YES;
				CLANG_WARN_OBJC_ROOT_CLASS = YES_ERROR;
				CLANG_WARN_RANGE_LOOP_ANALYSIS = YES;
				CLANG_WARN_STRICT_PROTOTYPES = YES;
				CLANG_WARN_SUSPICIOUS_MOVE = YES;
				CLANG_WARN_UNGUARDED_AVAILABILITY = YES_AGGRESSIVE;
				CLANG_WARN_UNREACHABLE_CODE = YES;
				CLANG_WARN__DUPLICATE_METHOD_MATCH = YES;
				COPY_PHASE_STRIP = NO;
				DEBUG_INFORMATION_FORMAT = dwarf;
				ENABLE_STRICT_OBJC_MSGSEND = YES;
				ENABLE_TESTABILITY = YES;
				GCC_C_LANGUAGE_STANDARD = gnu11;
				GCC_DYNAMIC_NO_PIC = NO;
				GCC_NO_COMMON_BLOCKS = YES;
				GCC_OPTIMIZATION_LEVEL = 0;
				GCC_PREPROCESSOR_DEFINITIONS = (
					"DEBUG=1",
					"$(inherited)",
				);
				GCC_WARN_64_TO_32_BIT_CONVERSION = YES;
				GCC_WARN_ABOUT_RETURN_TYPE = YES_ERROR;
				GCC_WARN_UNDECLARED_SELECTOR = YES;
				GCC_WARN_UNINITIALIZED_AUTOS = YES_AGGRESSIVE;
				GCC_WARN_UNUSED_FUNCTION = YES;
				GCC_WARN_UNUSED_VARIABLE = YES;
				IPHONEOS_DEPLOYMENT_TARGET = 13.2;
				MTL_ENABLE_DEBUG_INFO = INCLUDE_SOURCE;
				MTL_FAST_MATH = YES;
				ONLY_ACTIVE_ARCH = YES;
				SDKROOT = iphoneos;
				SWIFT_ACTIVE_COMPILATION_CONDITIONS = DEBUG;
				SWIFT_OPTIMIZATION_LEVEL = "-Onone";
			};
			name = Debug;
		};
		93EB25922395B8B4007BF17C /* Release */ = {
			isa = XCBuildConfiguration;
			buildSettings = {
				ALWAYS_SEARCH_USER_PATHS = NO;
				CLANG_ANALYZER_NONNULL = YES;
				CLANG_ANALYZER_NUMBER_OBJECT_CONVERSION = YES_AGGRESSIVE;
				CLANG_CXX_LANGUAGE_STANDARD = "gnu++14";
				CLANG_CXX_LIBRARY = "libc++";
				CLANG_ENABLE_MODULES = YES;
				CLANG_ENABLE_OBJC_ARC = YES;
				CLANG_ENABLE_OBJC_WEAK = YES;
				CLANG_WARN_BLOCK_CAPTURE_AUTORELEASING = YES;
				CLANG_WARN_BOOL_CONVERSION = YES;
				CLANG_WARN_COMMA = YES;
				CLANG_WARN_CONSTANT_CONVERSION = YES;
				CLANG_WARN_DEPRECATED_OBJC_IMPLEMENTATIONS = YES;
				CLANG_WARN_DIRECT_OBJC_ISA_USAGE = YES_ERROR;
				CLANG_WARN_DOCUMENTATION_COMMENTS = YES;
				CLANG_WARN_EMPTY_BODY = YES;
				CLANG_WARN_ENUM_CONVERSION = YES;
				CLANG_WARN_INFINITE_RECURSION = YES;
				CLANG_WARN_INT_CONVERSION = YES;
				CLANG_WARN_NON_LITERAL_NULL_CONVERSION = YES;
				CLANG_WARN_OBJC_IMPLICIT_RETAIN_SELF = YES;
				CLANG_WARN_OBJC_LITERAL_CONVERSION = YES;
				CLANG_WARN_OBJC_ROOT_CLASS = YES_ERROR;
				CLANG_WARN_RANGE_LOOP_ANALYSIS = YES;
				CLANG_WARN_STRICT_PROTOTYPES = YES;
				CLANG_WARN_SUSPICIOUS_MOVE = YES;
				CLANG_WARN_UNGUARDED_AVAILABILITY = YES_AGGRESSIVE;
				CLANG_WARN_UNREACHABLE_CODE = YES;
				CLANG_WARN__DUPLICATE_METHOD_MATCH = YES;
				COPY_PHASE_STRIP = NO;
				DEBUG_INFORMATION_FORMAT = "dwarf-with-dsym";
				ENABLE_NS_ASSERTIONS = NO;
				ENABLE_STRICT_OBJC_MSGSEND = YES;
				GCC_C_LANGUAGE_STANDARD = gnu11;
				GCC_NO_COMMON_BLOCKS = YES;
				GCC_WARN_64_TO_32_BIT_CONVERSION = YES;
				GCC_WARN_ABOUT_RETURN_TYPE = YES_ERROR;
				GCC_WARN_UNDECLARED_SELECTOR = YES;
				GCC_WARN_UNINITIALIZED_AUTOS = YES_AGGRESSIVE;
				GCC_WARN_UNUSED_FUNCTION = YES;
				GCC_WARN_UNUSED_VARIABLE = YES;
				IPHONEOS_DEPLOYMENT_TARGET = 13.2;
				MTL_ENABLE_DEBUG_INFO = NO;
				MTL_FAST_MATH = YES;
				SDKROOT = iphoneos;
				SWIFT_COMPILATION_MODE = wholemodule;
				SWIFT_OPTIMIZATION_LEVEL = "-O";
				VALIDATE_PRODUCT = YES;
			};
			name = Release;
		};
		93EB25942395B8B4007BF17C /* Debug */ = {
			isa = XCBuildConfiguration;
			buildSettings = {
				ASSETCATALOG_COMPILER_APPICON_NAME = AppIcon;
				CODE_SIGN_STYLE = Automatic;
				DEVELOPMENT_ASSET_PATHS = "\"deliveryApp/Preview Content\"";
				ENABLE_PREVIEWS = YES;
				INFOPLIST_FILE = deliveryApp/Info.plist;
				LD_RUNPATH_SEARCH_PATHS = (
					"$(inherited)",
					"@executable_path/Frameworks",
				);
				PRODUCT_BUNDLE_IDENTIFIER = lalamove.deliveryApp;
				PRODUCT_NAME = "$(TARGET_NAME)";
				SWIFT_VERSION = 5.0;
				TARGETED_DEVICE_FAMILY = "1,2";
			};
			name = Debug;
		};
		93EB25952395B8B4007BF17C /* Release */ = {
			isa = XCBuildConfiguration;
			buildSettings = {
				ASSETCATALOG_COMPILER_APPICON_NAME = AppIcon;
				CODE_SIGN_STYLE = Automatic;
				DEVELOPMENT_ASSET_PATHS = "\"deliveryApp/Preview Content\"";
				ENABLE_PREVIEWS = YES;
				INFOPLIST_FILE = deliveryApp/Info.plist;
				LD_RUNPATH_SEARCH_PATHS = (
					"$(inherited)",
					"@executable_path/Frameworks",
				);
				PRODUCT_BUNDLE_IDENTIFIER = lalamove.deliveryApp;
				PRODUCT_NAME = "$(TARGET_NAME)";
				SWIFT_VERSION = 5.0;
				TARGETED_DEVICE_FAMILY = "1,2";
			};
			name = Release;
		};
		93EB25972395B8B4007BF17C /* Debug */ = {
			isa = XCBuildConfiguration;
			buildSettings = {
				ALWAYS_EMBED_SWIFT_STANDARD_LIBRARIES = YES;
				BUNDLE_LOADER = "$(TEST_HOST)";
				CODE_SIGN_STYLE = Automatic;
				INFOPLIST_FILE = deliveryAppTests/Info.plist;
				IPHONEOS_DEPLOYMENT_TARGET = 13.2;
				LD_RUNPATH_SEARCH_PATHS = (
					"$(inherited)",
					"@executable_path/Frameworks",
					"@loader_path/Frameworks",
				);
				PRODUCT_BUNDLE_IDENTIFIER = lalamove.deliveryAppTests;
				PRODUCT_NAME = "$(TARGET_NAME)";
				SWIFT_VERSION = 5.0;
				TARGETED_DEVICE_FAMILY = "1,2";
				TEST_HOST = "$(BUILT_PRODUCTS_DIR)/deliveryApp.app/deliveryApp";
			};
			name = Debug;
		};
		93EB25982395B8B4007BF17C /* Release */ = {
			isa = XCBuildConfiguration;
			buildSettings = {
				ALWAYS_EMBED_SWIFT_STANDARD_LIBRARIES = YES;
				BUNDLE_LOADER = "$(TEST_HOST)";
				CODE_SIGN_STYLE = Automatic;
				INFOPLIST_FILE = deliveryAppTests/Info.plist;
				IPHONEOS_DEPLOYMENT_TARGET = 13.2;
				LD_RUNPATH_SEARCH_PATHS = (
					"$(inherited)",
					"@executable_path/Frameworks",
					"@loader_path/Frameworks",
				);
				PRODUCT_BUNDLE_IDENTIFIER = lalamove.deliveryAppTests;
				PRODUCT_NAME = "$(TARGET_NAME)";
				SWIFT_VERSION = 5.0;
				TARGETED_DEVICE_FAMILY = "1,2";
				TEST_HOST = "$(BUILT_PRODUCTS_DIR)/deliveryApp.app/deliveryApp";
			};
			name = Release;
		};
		93EB259A2395B8B4007BF17C /* Debug */ = {
			isa = XCBuildConfiguration;
			buildSettings = {
				ALWAYS_EMBED_SWIFT_STANDARD_LIBRARIES = YES;
				CODE_SIGN_STYLE = Automatic;
				INFOPLIST_FILE = deliveryAppUITests/Info.plist;
				LD_RUNPATH_SEARCH_PATHS = (
					"$(inherited)",
					"@executable_path/Frameworks",
					"@loader_path/Frameworks",
				);
				PRODUCT_BUNDLE_IDENTIFIER = lalamove.deliveryAppUITests;
				PRODUCT_NAME = "$(TARGET_NAME)";
				SWIFT_VERSION = 5.0;
				TARGETED_DEVICE_FAMILY = "1,2";
				TEST_TARGET_NAME = deliveryApp;
			};
			name = Debug;
		};
		93EB259B2395B8B4007BF17C /* Release */ = {
			isa = XCBuildConfiguration;
			buildSettings = {
				ALWAYS_EMBED_SWIFT_STANDARD_LIBRARIES = YES;
				CODE_SIGN_STYLE = Automatic;
				INFOPLIST_FILE = deliveryAppUITests/Info.plist;
				LD_RUNPATH_SEARCH_PATHS = (
					"$(inherited)",
					"@executable_path/Frameworks",
					"@loader_path/Frameworks",
				);
				PRODUCT_BUNDLE_IDENTIFIER = lalamove.deliveryAppUITests;
				PRODUCT_NAME = "$(TARGET_NAME)";
				SWIFT_VERSION = 5.0;
				TARGETED_DEVICE_FAMILY = "1,2";
				TEST_TARGET_NAME = deliveryApp;
			};
			name = Release;
		};
/* End XCBuildConfiguration section */

/* Begin XCConfigurationList section */
		93EB25642395B8B2007BF17C /* Build configuration list for PBXProject "deliveryApp" */ = {
			isa = XCConfigurationList;
			buildConfigurations = (
				93EB25912395B8B4007BF17C /* Debug */,
				93EB25922395B8B4007BF17C /* Release */,
			);
			defaultConfigurationIsVisible = 0;
			defaultConfigurationName = Release;
		};
		93EB25932395B8B4007BF17C /* Build configuration list for PBXNativeTarget "deliveryApp" */ = {
			isa = XCConfigurationList;
			buildConfigurations = (
				93EB25942395B8B4007BF17C /* Debug */,
				93EB25952395B8B4007BF17C /* Release */,
			);
			defaultConfigurationIsVisible = 0;
			defaultConfigurationName = Release;
		};
		93EB25962395B8B4007BF17C /* Build configuration list for PBXNativeTarget "deliveryAppTests" */ = {
			isa = XCConfigurationList;
			buildConfigurations = (
				93EB25972395B8B4007BF17C /* Debug */,
				93EB25982395B8B4007BF17C /* Release */,
			);
			defaultConfigurationIsVisible = 0;
			defaultConfigurationName = Release;
		};
		93EB25992395B8B4007BF17C /* Build configuration list for PBXNativeTarget "deliveryAppUITests" */ = {
			isa = XCConfigurationList;
			buildConfigurations = (
				93EB259A2395B8B4007BF17C /* Debug */,
				93EB259B2395B8B4007BF17C /* Release */,
			);
			defaultConfigurationIsVisible = 0;
			defaultConfigurationName = Release;
		};
/* End XCConfigurationList section */
	};
	rootObject = 93EB25612395B8B2007BF17C /* Project object */;
}
